dependencies:
- name: common
  repository: https://charts.bitnami.com/bitnami
  version: 1.8.0
- name: etcd
  repository: https://charts.bitnami.com/bitnami
  version: 6.5.0
- name: bcs-argocd-proxy
  repository: file://./charts/bcs-argocd-proxy
  version: 0.1.0
- name: bcs-argocd-server
  repository: file://./charts/bcs-argocd-server
  version: 0.1.0
- name: bcs-argocd-controller
  repository: file://./charts/bcs-argocd-controller
  version: 0.1.0
- name: bcs-argocd-example-plugin
  repository: file://./charts/bcs-argocd-example-plugin
  version: 0.1.0
digest: sha256:5e2d413e792a99c35d3c85c6b46dc5905122aa515a6bf84ea8525370937f86e6
generated: "2022-04-01T19:46:29.459061+08:00"
